
Microsoft Visual Studio Solution File, Format Version 12.00
# Visual Studio Version 16
VisualStudioVersion = 16.0.29519.181
MinimumVisualStudioVersion = 10.0.40219.1
Project("{2150E333-8FDC-42A3-9474-1A3956D46DE8}") = "Docs", "Docs", "{5E467A8F-A180-422F-AAB6-CC13144B5039}"
EndProject
Project("{2150E333-8FDC-42A3-9474-1A3956D46DE8}") = "Src", "Src", "{3277C23D-3299-46DF-850A-84A0B7A7C27C}"
EndProject
Project("{2150E333-8FDC-42A3-9474-1A3956D46DE8}") = "Core", "Core", "{686BC48F-5620-482D-8E10-1A67DB5B7E7B}"
EndProject
Project("{2150E333-8FDC-42A3-9474-1A3956D46DE8}") = "Presentation", "Presentation", "{A512E73A-7F66-479B-B2FB-50CC0194A89F}"
EndProject
Project("{9A19103F-16F7-4668-BE54-9A1E7A4F7556}") = "Ironwood", "Ironwood\Ironwood.csproj", "{53F67D21-98B8-47C5-9AA2-776CCB80CF15}"
EndProject
Project("{9A19103F-16F7-4668-BE54-9A1E7A4F7556}") = "Ironwood.Application", "Ironwood.Application\Ironwood.Application.csproj", "{3846877A-9B09-4DF0-82EE-628BE668189E}"
EndProject
Project("{9A19103F-16F7-4668-BE54-9A1E7A4F7556}") = "Ironwood.Infrastructure", "Ironwood.Infrustructure\Ironwood.Infrastructure.csproj", "{2EE644F8-4F8D-4E5B-A126-218C47DCA25B}"
EndProject
Project("{9A19103F-16F7-4668-BE54-9A1E7A4F7556}") = "Ironwood.Domain", "Ironwood.Domain\Ironwood.Domain.csproj", "{C15A1A0A-AD79-491D-943B-E609C9FEC817}"
EndProject
Project("{9A19103F-16F7-4668-BE54-9A1E7A4F7556}") = "Ironwood.UI", "Ironwood.UI\Ironwood.UI.csproj", "{47A4973E-4195-4CDD-B24E-DE587A6D7A85}"
EndProject
Project("{2150E333-8FDC-42A3-9474-1A3956D46DE8}") = "Test", "Test", "{60F1707D-D956-4784-B621-A4E5AACB5A83}"
EndProject
Global
	GlobalSection(SolutionConfigurationPlatforms) = preSolution
		Debug|Any CPU = Debug|Any CPU
		Release|Any CPU = Release|Any CPU
	EndGlobalSection
	GlobalSection(ProjectConfigurationPlatforms) = postSolution
		{53F67D21-98B8-47C5-9AA2-776CCB80CF15}.Debug|Any CPU.ActiveCfg = Debug|Any CPU
		{53F67D21-98B8-47C5-9AA2-776CCB80CF15}.Debug|Any CPU.Build.0 = Debug|Any CPU
		{53F67D21-98B8-47C5-9AA2-776CCB80CF15}.Release|Any CPU.ActiveCfg = Release|Any CPU
		{53F67D21-98B8-47C5-9AA2-776CCB80CF15}.Release|Any CPU.Build.0 = Release|Any CPU
		{3846877A-9B09-4DF0-82EE-628BE668189E}.Debug|Any CPU.ActiveCfg = Debug|Any CPU
		{3846877A-9B09-4DF0-82EE-628BE668189E}.Debug|Any CPU.Build.0 = Debug|Any CPU
		{3846877A-9B09-4DF0-82EE-628BE668189E}.Release|Any CPU.ActiveCfg = Release|Any CPU
		{3846877A-9B09-4DF0-82EE-628BE668189E}.Release|Any CPU.Build.0 = Release|Any CPU
		{2EE644F8-4F8D-4E5B-A126-218C47DCA25B}.Debug|Any CPU.ActiveCfg = Debug|Any CPU
		{2EE644F8-4F8D-4E5B-A126-218C47DCA25B}.Debug|Any CPU.Build.0 = Debug|Any CPU
		{2EE644F8-4F8D-4E5B-A126-218C47DCA25B}.Release|Any CPU.ActiveCfg = Release|Any CPU
		{2EE644F8-4F8D-4E5B-A126-218C47DCA25B}.Release|Any CPU.Build.0 = Release|Any CPU
		{C15A1A0A-AD79-491D-943B-E609C9FEC817}.Debug|Any CPU.ActiveCfg = Debug|Any CPU
		{C15A1A0A-AD79-491D-943B-E609C9FEC817}.Debug|Any CPU.Build.0 = Debug|Any CPU
		{C15A1A0A-AD79-491D-943B-E609C9FEC817}.Release|Any CPU.ActiveCfg = Release|Any CPU
		{C15A1A0A-AD79-491D-943B-E609C9FEC817}.Release|Any CPU.Build.0 = Release|Any CPU
		{47A4973E-4195-4CDD-B24E-DE587A6D7A85}.Debug|Any CPU.ActiveCfg = Debug|Any CPU
		{47A4973E-4195-4CDD-B24E-DE587A6D7A85}.Debug|Any CPU.Build.0 = Debug|Any CPU
		{47A4973E-4195-4CDD-B24E-DE587A6D7A85}.Release|Any CPU.ActiveCfg = Release|Any CPU
		{47A4973E-4195-4CDD-B24E-DE587A6D7A85}.Release|Any CPU.Build.0 = Release|Any CPU
	EndGlobalSection
	GlobalSection(SolutionProperties) = preSolution
		HideSolutionNode = FALSE
	EndGlobalSection
	GlobalSection(NestedProjects) = preSolution
		{686BC48F-5620-482D-8E10-1A67DB5B7E7B} = {3277C23D-3299-46DF-850A-84A0B7A7C27C}
		{A512E73A-7F66-479B-B2FB-50CC0194A89F} = {3277C23D-3299-46DF-850A-84A0B7A7C27C}
		{53F67D21-98B8-47C5-9AA2-776CCB80CF15} = {686BC48F-5620-482D-8E10-1A67DB5B7E7B}
		{3846877A-9B09-4DF0-82EE-628BE668189E} = {686BC48F-5620-482D-8E10-1A67DB5B7E7B}
		{2EE644F8-4F8D-4E5B-A126-218C47DCA25B} = {686BC48F-5620-482D-8E10-1A67DB5B7E7B}
		{C15A1A0A-AD79-491D-943B-E609C9FEC817} = {686BC48F-5620-482D-8E10-1A67DB5B7E7B}
		{47A4973E-4195-4CDD-B24E-DE587A6D7A85} = {A512E73A-7F66-479B-B2FB-50CC0194A89F}
	EndGlobalSection
	GlobalSection(ExtensibilityGlobals) = postSolution
		SolutionGuid = {C4C0295C-E715-4F8E-BE3D-32E00461DFD0}
	EndGlobalSection
EndGlobal
